
Microsoft Visual Studio Solution File, Format Version 12.00
# Visual Studio 15
VisualStudioVersion = 15.0.28307.438
MinimumVisualStudioVersion = 10.0.40219.1
Project("{FAE04EC0-301F-11D3-BF4B-00C04F79EFBC}") = "Simple Game", "Simple Game.csproj", "{EB5CC350-84C1-4F9D-A4C9-44D715EB2717}"
EndProject
Global
	GlobalSection(SolutionConfigurationPlatforms) = preSolution
		Debug|x86 = Debug|x86
		Release|x86 = Release|x86
	EndGlobalSection
	GlobalSection(ProjectConfigurationPlatforms) = postSolution
		{EB5CC350-84C1-4F9D-A4C9-44D715EB2717}.Debug|x86.ActiveCfg = Debug|x86
		{EB5CC350-84C1-4F9D-A4C9-44D715EB2717}.Debug|x86.Build.0 = Debug|x86
		{EB5CC350-84C1-4F9D-A4C9-44D715EB2717}.Release|x86.ActiveCfg = Release|x86
		{EB5CC350-84C1-4F9D-A4C9-44D715EB2717}.Release|x86.Build.0 = Release|x86
	EndGlobalSection
	GlobalSection(SolutionProperties) = preSolution
		HideSolutionNode = FALSE
	EndGlobalSection
	GlobalSection(ExtensibilityGlobals) = postSolution
		SolutionGuid = {3FE1ECEF-7DE2-4C26-B9F7-6852776D355A}
	EndGlobalSection
EndGlobal
