
Microsoft Visual Studio Solution File, Format Version 12.00
# Visual Studio 15
VisualStudioVersion = 15.0.28307.438
MinimumVisualStudioVersion = 10.0.40219.1
Project("{FAE04EC0-301F-11D3-BF4B-00C04F79EFBC}") = "SimpleGame", "SimpleGame\SimpleGame.csproj", "{4BB0EC52-028A-4C57-98A7-CDF6F40EBC25}"
EndProject
Global
	GlobalSection(SolutionConfigurationPlatforms) = preSolution
		Debug|Any CPU = Debug|Any CPU
		Release|Any CPU = Release|Any CPU
	EndGlobalSection
	GlobalSection(ProjectConfigurationPlatforms) = postSolution
		{4BB0EC52-028A-4C57-98A7-CDF6F40EBC25}.Debug|Any CPU.ActiveCfg = Debug|Any CPU
		{4BB0EC52-028A-4C57-98A7-CDF6F40EBC25}.Debug|Any CPU.Build.0 = Debug|Any CPU
		{4BB0EC52-028A-4C57-98A7-CDF6F40EBC25}.Release|Any CPU.ActiveCfg = Release|Any CPU
		{4BB0EC52-028A-4C57-98A7-CDF6F40EBC25}.Release|Any CPU.Build.0 = Release|Any CPU
	EndGlobalSection
	GlobalSection(SolutionProperties) = preSolution
		HideSolutionNode = FALSE
	EndGlobalSection
	GlobalSection(ExtensibilityGlobals) = postSolution
		SolutionGuid = {781BD41E-382A-4FB6-9930-8C7FCD52BEB7}
	EndGlobalSection
EndGlobal
